{
  "pins" : [
    {
      "identity" : "lookinserver",
      "kind" : "remoteSourceControl",
      "location" : "https://github.com/QMUI/LookinServer/",
      "state" : {
        "revision" : "dfff53bcdbd89740e68c90736be9079344491784",
        "version" : "1.1.7"
      }
    }
  ],
  "version" : 2
}
