// !$*UTF8*$!
{
	archiveVersion = 1;
	classes = {
	};
	objectVersion = 60;
	objects = {

/* Begin PBXBuildFile section */
		371132A92C280C5900456FAA /* AppIntent.swift in Sources */ = {isa = PBXBuildFile; fileRef = 371132A82C280C5700456FAA /* AppIntent.swift */; };
		371132B12C281D4A00456FAA /* WidgetKit.framework in Frameworks */ = {isa = PBXBuildFile; fileRef = 371132B02C281D4A00456FAA /* WidgetKit.framework */; };
		371132B32C281D4A00456FAA /* SwiftUI.framework in Frameworks */ = {isa = PBXBuildFile; fileRef = 371132B22C281D4A00456FAA /* SwiftUI.framework */; };
		371132B62C281D4A00456FAA /* WidgetTargetLiveActivity.swift in Sources */ = {isa = PBXBuildFile; fileRef = 371132B52C281D4A00456FAA /* WidgetTargetLiveActivity.swift */; };
		371132B82C281D4A00456FAA /* WidgetTargetBundle.swift in Sources */ = {isa = PBXBuildFile; fileRef = 371132B72C281D4A00456FAA /* WidgetTargetBundle.swift */; };
		371132BA2C281D4A00456FAA /* WidgetTargetControl.swift in Sources */ = {isa = PBXBuildFile; fileRef = 371132B92C281D4A00456FAA /* WidgetTargetControl.swift */; };
		371132BC2C281D4A00456FAA /* WidgetTarget.swift in Sources */ = {isa = PBXBuildFile; fileRef = 371132BB2C281D4A00456FAA /* WidgetTarget.swift */; };
		371132BE2C281D4A00456FAA /* AppIntent.swift in Sources */ = {isa = PBXBuildFile; fileRef = 371132BD2C281D4A00456FAA /* AppIntent.swift */; };
		371132C02C281D4B00456FAA /* Assets.xcassets in Resources */ = {isa = PBXBuildFile; fileRef = 371132BF2C281D4B00456FAA /* Assets.xcassets */; };
		371132C42C281D4B00456FAA /* WidgetTargetExtension.appex in Embed Foundation Extensions */ = {isa = PBXBuildFile; fileRef = 371132AE2C281D4A00456FAA /* WidgetTargetExtension.appex */; settings = {ATTRIBUTES = (RemoveHeadersOnCopy, ); }; };
		37DF40532C280AD70066B45D /* ExampleApp.swift in Sources */ = {isa = PBXBuildFile; fileRef = 37DF40522C280AD70066B45D /* ExampleApp.swift */; };
		37DF40552C280AD70066B45D /* ContentView.swift in Sources */ = {isa = PBXBuildFile; fileRef = 37DF40542C280AD70066B45D /* ContentView.swift */; };
		37DF40572C280AD70066B45D /* Item.swift in Sources */ = {isa = PBXBuildFile; fileRef = 37DF40562C280AD70066B45D /* Item.swift */; };
		37DF40592C280AD80066B45D /* Assets.xcassets in Resources */ = {isa = PBXBuildFile; fileRef = 37DF40582C280AD80066B45D /* Assets.xcassets */; };
		37DF405C2C280AD80066B45D /* Preview Assets.xcassets in Resources */ = {isa = PBXBuildFile; fileRef = 37DF405B2C280AD80066B45D /* Preview Assets.xcassets */; };
		37DF40662C280AD80066B45D /* ExampleTests.swift in Sources */ = {isa = PBXBuildFile; fileRef = 37DF40652C280AD80066B45D /* ExampleTests.swift */; };
		37DF40702C280AD80066B45D /* ExampleUITests.swift in Sources */ = {isa = PBXBuildFile; fileRef = 37DF406F2C280AD80066B45D /* ExampleUITests.swift */; };
		37DF40722C280AD80066B45D /* ExampleUITestsLaunchTests.swift in Sources */ = {isa = PBXBuildFile; fileRef = 37DF40712C280AD80066B45D /* ExampleUITestsLaunchTests.swift */; };
/* End PBXBuildFile section */

/* Begin PBXContainerItemProxy section */
		371132C22C281D4B00456FAA /* PBXContainerItemProxy */ = {
			isa = PBXContainerItemProxy;
			containerPortal = 37DF40472C280AD70066B45D /* Project object */;
			proxyType = 1;
			remoteGlobalIDString = 371132AD2C281D4A00456FAA;
			remoteInfo = WidgetTargetExtension;
		};
		37DF40622C280AD80066B45D /* PBXContainerItemProxy */ = {
			isa = PBXContainerItemProxy;
			containerPortal = 37DF40472C280AD70066B45D /* Project object */;
			proxyType = 1;
			remoteGlobalIDString = 37DF404E2C280AD70066B45D;
			remoteInfo = Example;
		};
		37DF406C2C280AD80066B45D /* PBXContainerItemProxy */ = {
			isa = PBXContainerItemProxy;
			containerPortal = 37DF40472C280AD70066B45D /* Project object */;
			proxyType = 1;
			remoteGlobalIDString = 37DF404E2C280AD70066B45D;
			remoteInfo = Example;
		};
/* End PBXContainerItemProxy section */

/* Begin PBXCopyFilesBuildPhase section */
		371132C82C281D4B00456FAA /* Embed Foundation Extensions */ = {
			isa = PBXCopyFilesBuildPhase;
			buildActionMask = 2147483647;
			dstPath = "";
			dstSubfolderSpec = 13;
			files = (
				371132C42C281D4B00456FAA /* WidgetTargetExtension.appex in Embed Foundation Extensions */,
			);
			name = "Embed Foundation Extensions";
			runOnlyForDeploymentPostprocessing = 0;
		};
/* End PBXCopyFilesBuildPhase section */

/* Begin PBXFileReference section */
		371132A82C280C5700456FAA /* AppIntent.swift */ = {isa = PBXFileReference; lastKnownFileType = sourcecode.swift; path = AppIntent.swift; sourceTree = "<group>"; };
		371132AE2C281D4A00456FAA /* WidgetTargetExtension.appex */ = {isa = PBXFileReference; explicitFileType = "wrapper.app-extension"; includeInIndex = 0; path = WidgetTargetExtension.appex; sourceTree = BUILT_PRODUCTS_DIR; };
		371132B02C281D4A00456FAA /* WidgetKit.framework */ = {isa = PBXFileReference; lastKnownFileType = wrapper.framework; name = WidgetKit.framework; path = System/Library/Frameworks/WidgetKit.framework; sourceTree = SDKROOT; };
		371132B22C281D4A00456FAA /* SwiftUI.framework */ = {isa = PBXFileReference; lastKnownFileType = wrapper.framework; name = SwiftUI.framework; path = System/Library/Frameworks/SwiftUI.framework; sourceTree = SDKROOT; };
		371132B52C281D4A00456FAA /* WidgetTargetLiveActivity.swift */ = {isa = PBXFileReference; lastKnownFileType = sourcecode.swift; path = WidgetTargetLiveActivity.swift; sourceTree = "<group>"; };
		371132B72C281D4A00456FAA /* WidgetTargetBundle.swift */ = {isa = PBXFileReference; lastKnownFileType = sourcecode.swift; path = WidgetTargetBundle.swift; sourceTree = "<group>"; };
		371132B92C281D4A00456FAA /* WidgetTargetControl.swift */ = {isa = PBXFileReference; lastKnownFileType = sourcecode.swift; path = WidgetTargetControl.swift; sourceTree = "<group>"; };
		371132BB2C281D4A00456FAA /* WidgetTarget.swift */ = {isa = PBXFileReference; lastKnownFileType = sourcecode.swift; path = WidgetTarget.swift; sourceTree = "<group>"; };
		371132BD2C281D4A00456FAA /* AppIntent.swift */ = {isa = PBXFileReference; lastKnownFileType = sourcecode.swift; path = AppIntent.swift; sourceTree = "<group>"; };
		371132BF2C281D4B00456FAA /* Assets.xcassets */ = {isa = PBXFileReference; lastKnownFileType = folder.assetcatalog; path = Assets.xcassets; sourceTree = "<group>"; };
		371132C12C281D4B00456FAA /* Info.plist */ = {isa = PBXFileReference; lastKnownFileType = text.plist.xml; path = Info.plist; sourceTree = "<group>"; };
		37DF404F2C280AD70066B45D /* Example.app */ = {isa = PBXFileReference; explicitFileType = wrapper.application; includeInIndex = 0; path = Example.app; sourceTree = BUILT_PRODUCTS_DIR; };
		37DF40522C280AD70066B45D /* ExampleApp.swift */ = {isa = PBXFileReference; lastKnownFileType = sourcecode.swift; path = ExampleApp.swift; sourceTree = "<group>"; };
		37DF40542C280AD70066B45D /* ContentView.swift */ = {isa = PBXFileReference; lastKnownFileType = sourcecode.swift; path = ContentView.swift; sourceTree = "<group>"; };
		37DF40562C280AD70066B45D /* Item.swift */ = {isa = PBXFileReference; lastKnownFileType = sourcecode.swift; path = Item.swift; sourceTree = "<group>"; };
		37DF40582C280AD80066B45D /* Assets.xcassets */ = {isa = PBXFileReference; lastKnownFileType = folder.assetcatalog; path = Assets.xcassets; sourceTree = "<group>"; };
		37DF405B2C280AD80066B45D /* Preview Assets.xcassets */ = {isa = PBXFileReference; lastKnownFileType = folder.assetcatalog; path = "Preview Assets.xcassets"; sourceTree = "<group>"; };
		37DF40612C280AD80066B45D /* ExampleTests.xctest */ = {isa = PBXFileReference; explicitFileType = wrapper.cfbundle; includeInIndex = 0; path = ExampleTests.xctest; sourceTree = BUILT_PRODUCTS_DIR; };
		37DF40652C280AD80066B45D /* ExampleTests.swift */ = {isa = PBXFileReference; lastKnownFileType = sourcecode.swift; path = ExampleTests.swift; sourceTree = "<group>"; };
		37DF406B2C280AD80066B45D /* ExampleUITests.xctest */ = {isa = PBXFileReference; explicitFileType = wrapper.cfbundle; includeInIndex = 0; path = ExampleUITests.xctest; sourceTree = BUILT_PRODUCTS_DIR; };
		37DF406F2C280AD80066B45D /* ExampleUITests.swift */ = {isa = PBXFileReference; lastKnownFileType = sourcecode.swift; path = ExampleUITests.swift; sourceTree = "<group>"; };
		37DF40712C280AD80066B45D /* ExampleUITestsLaunchTests.swift */ = {isa = PBXFileReference; lastKnownFileType = sourcecode.swift; path = ExampleUITestsLaunchTests.swift; sourceTree = "<group>"; };
/* End PBXFileReference section */

/* Begin PBXFrameworksBuildPhase section */
		371132AB2C281D4A00456FAA /* Frameworks */ = {
			isa = PBXFrameworksBuildPhase;
			buildActionMask = 2147483647;
			files = (
				371132B32C281D4A00456FAA /* SwiftUI.framework in Frameworks */,
				371132B12C281D4A00456FAA /* WidgetKit.framework in Frameworks */,
			);
			runOnlyForDeploymentPostprocessing = 0;
		};
		37DF404C2C280AD70066B45D /* Frameworks */ = {
			isa = PBXFrameworksBuildPhase;
			buildActionMask = 2147483647;
			files = (
			);
			runOnlyForDeploymentPostprocessing = 0;
		};
		37DF405E2C280AD80066B45D /* Frameworks */ = {
			isa = PBXFrameworksBuildPhase;
			buildActionMask = 2147483647;
			files = (
			);
			runOnlyForDeploymentPostprocessing = 0;
		};
		37DF40682C280AD80066B45D /* Frameworks */ = {
			isa = PBXFrameworksBuildPhase;
			buildActionMask = 2147483647;
			files = (
			);
			runOnlyForDeploymentPostprocessing = 0;
		};
/* End PBXFrameworksBuildPhase section */

/* Begin PBXGroup section */
		371132AF2C281D4A00456FAA /* Frameworks */ = {
			isa = PBXGroup;
			children = (
				371132B02C281D4A00456FAA /* WidgetKit.framework */,
				371132B22C281D4A00456FAA /* SwiftUI.framework */,
			);
			name = Frameworks;
			sourceTree = "<group>";
		};
		371132B42C281D4A00456FAA /* WidgetTarget */ = {
			isa = PBXGroup;
			children = (
				371132B52C281D4A00456FAA /* WidgetTargetLiveActivity.swift */,
				371132B72C281D4A00456FAA /* WidgetTargetBundle.swift */,
				371132B92C281D4A00456FAA /* WidgetTargetControl.swift */,
				371132BB2C281D4A00456FAA /* WidgetTarget.swift */,
				371132BD2C281D4A00456FAA /* AppIntent.swift */,
				371132BF2C281D4B00456FAA /* Assets.xcassets */,
				371132C12C281D4B00456FAA /* Info.plist */,
			);
			path = WidgetTarget;
			sourceTree = "<group>";
		};
		37DF40462C280AD70066B45D = {
			isa = PBXGroup;
			children = (
				37DF40512C280AD70066B45D /* Example */,
				37DF40642C280AD80066B45D /* ExampleTests */,
				37DF406E2C280AD80066B45D /* ExampleUITests */,
				371132B42C281D4A00456FAA /* WidgetTarget */,
				371132AF2C281D4A00456FAA /* Frameworks */,
				37DF40502C280AD70066B45D /* Products */,
			);
			sourceTree = "<group>";
		};
		37DF40502C280AD70066B45D /* Products */ = {
			isa = PBXGroup;
			children = (
				37DF404F2C280AD70066B45D /* Example.app */,
				37DF40612C280AD80066B45D /* ExampleTests.xctest */,
				37DF406B2C280AD80066B45D /* ExampleUITests.xctest */,
				371132AE2C281D4A00456FAA /* WidgetTargetExtension.appex */,
			);
			name = Products;
			sourceTree = "<group>";
		};
		37DF40512C280AD70066B45D /* Example */ = {
			isa = PBXGroup;
			children = (
				371132A82C280C5700456FAA /* AppIntent.swift */,
				37DF40522C280AD70066B45D /* ExampleApp.swift */,
				37DF40542C280AD70066B45D /* ContentView.swift */,
				37DF40562C280AD70066B45D /* Item.swift */,
				37DF40582C280AD80066B45D /* Assets.xcassets */,
				37DF405A2C280AD80066B45D /* Preview Content */,
			);
			path = Example;
			sourceTree = "<group>";
		};
		37DF405A2C280AD80066B45D /* Preview Content */ = {
			isa = PBXGroup;
			children = (
				37DF405B2C280AD80066B45D /* Preview Assets.xcassets */,
			);
			path = "Preview Content";
			sourceTree = "<group>";
		};
		37DF40642C280AD80066B45D /* ExampleTests */ = {
			isa = PBXGroup;
			children = (
				37DF40652C280AD80066B45D /* ExampleTests.swift */,
			);
			path = ExampleTests;
			sourceTree = "<group>";
		};
		37DF406E2C280AD80066B45D /* ExampleUITests */ = {
			isa = PBXGroup;
			children = (
				37DF406F2C280AD80066B45D /* ExampleUITests.swift */,
				37DF40712C280AD80066B45D /* ExampleUITestsLaunchTests.swift */,
			);
			path = ExampleUITests;
			sourceTree = "<group>";
		};
/* End PBXGroup section */

/* Begin PBXNativeTarget section */
		371132AD2C281D4A00456FAA /* WidgetTargetExtension */ = {
			isa = PBXNativeTarget;
			buildConfigurationList = 371132C52C281D4B00456FAA /* Build configuration list for PBXNativeTarget "WidgetTargetExtension" */;
			buildPhases = (
				371132AA2C281D4A00456FAA /* Sources */,
				371132AB2C281D4A00456FAA /* Frameworks */,
				371132AC2C281D4A00456FAA /* Resources */,
			);
			buildRules = (
			);
			dependencies = (
			);
			name = WidgetTargetExtension;
			productName = WidgetTargetExtension;
			productReference = 371132AE2C281D4A00456FAA /* WidgetTargetExtension.appex */;
			productType = "com.apple.product-type.app-extension";
		};
		37DF404E2C280AD70066B45D /* Example */ = {
			isa = PBXNativeTarget;
			buildConfigurationList = 37DF40752C280AD80066B45D /* Build configuration list for PBXNativeTarget "Example" */;
			buildPhases = (
				37DF404B2C280AD70066B45D /* Sources */,
				37DF404C2C280AD70066B45D /* Frameworks */,
				37DF404D2C280AD70066B45D /* Resources */,
				371132C82C281D4B00456FAA /* Embed Foundation Extensions */,
			);
			buildRules = (
			);
			dependencies = (
				371132C32C281D4B00456FAA /* PBXTargetDependency */,
			);
			name = Example;
			productName = Example;
			productReference = 37DF404F2C280AD70066B45D /* Example.app */;
			productType = "com.apple.product-type.application";
		};
		37DF40602C280AD80066B45D /* ExampleTests */ = {
			isa = PBXNativeTarget;
			buildConfigurationList = 37DF40782C280AD80066B45D /* Build configuration list for PBXNativeTarget "ExampleTests" */;
			buildPhases = (
				37DF405D2C280AD80066B45D /* Sources */,
				37DF405E2C280AD80066B45D /* Frameworks */,
				37DF405F2C280AD80066B45D /* Resources */,
			);
			buildRules = (
			);
			dependencies = (
				37DF40632C280AD80066B45D /* PBXTargetDependency */,
			);
			name = ExampleTests;
			productName = ExampleTests;
			productReference = 37DF40612C280AD80066B45D /* ExampleTests.xctest */;
			productType = "com.apple.product-type.bundle.unit-test";
		};
		37DF406A2C280AD80066B45D /* ExampleUITests */ = {
			isa = PBXNativeTarget;
			buildConfigurationList = 37DF407B2C280AD80066B45D /* Build configuration list for PBXNativeTarget "ExampleUITests" */;
			buildPhases = (
				37DF40672C280AD80066B45D /* Sources */,
				37DF40682C280AD80066B45D /* Frameworks */,
				37DF40692C280AD80066B45D /* Resources */,
			);
			buildRules = (
			);
			dependencies = (
				37DF406D2C280AD80066B45D /* PBXTargetDependency */,
			);
			name = ExampleUITests;
			productName = ExampleUITests;
			productReference = 37DF406B2C280AD80066B45D /* ExampleUITests.xctest */;
			productType = "com.apple.product-type.bundle.ui-testing";
		};
/* End PBXNativeTarget section */

/* Begin PBXProject section */
		37DF40472C280AD70066B45D /* Project object */ = {
			isa = PBXProject;
			attributes = {
				BuildIndependentTargetsInParallel = 1;
				LastSwiftUpdateCheck = 1600;
				LastUpgradeCheck = 1600;
				TargetAttributes = {
					371132AD2C281D4A00456FAA = {
						CreatedOnToolsVersion = 16.0;
					};
					37DF404E2C280AD70066B45D = {
						CreatedOnToolsVersion = 16.0;
					};
					37DF40602C280AD80066B45D = {
						CreatedOnToolsVersion = 16.0;
						TestTargetID = 37DF404E2C280AD70066B45D;
					};
					37DF406A2C280AD80066B45D = {
						CreatedOnToolsVersion = 16.0;
						TestTargetID = 37DF404E2C280AD70066B45D;
					};
				};
			};
			buildConfigurationList = 37DF404A2C280AD70066B45D /* Build configuration list for PBXProject "Example" */;
			compatibilityVersion = "Xcode 15.0";
			developmentRegion = en;
			hasScannedForEncodings = 0;
			knownRegions = (
				en,
				Base,
			);
			mainGroup = 37DF40462C280AD70066B45D;
			productRefGroup = 37DF40502C280AD70066B45D /* Products */;
			projectDirPath = "";
			projectRoot = "";
			targets = (
				37DF404E2C280AD70066B45D /* Example */,
				37DF40602C280AD80066B45D /* ExampleTests */,
				37DF406A2C280AD80066B45D /* ExampleUITests */,
				371132AD2C281D4A00456FAA /* WidgetTargetExtension */,
			);
		};
/* End PBXProject section */

/* Begin PBXResourcesBuildPhase section */
		371132AC2C281D4A00456FAA /* Resources */ = {
			isa = PBXResourcesBuildPhase;
			buildActionMask = 2147483647;
			files = (
				371132C02C281D4B00456FAA /* Assets.xcassets in Resources */,
			);
			runOnlyForDeploymentPostprocessing = 0;
		};
		37DF404D2C280AD70066B45D /* Resources */ = {
			isa = PBXResourcesBuildPhase;
			buildActionMask = 2147483647;
			files = (
				37DF405C2C280AD80066B45D /* Preview Assets.xcassets in Resources */,
				37DF40592C280AD80066B45D /* Assets.xcassets in Resources */,
			);
			runOnlyForDeploymentPostprocessing = 0;
		};
		37DF405F2C280AD80066B45D /* Resources */ = {
			isa = PBXResourcesBuildPhase;
			buildActionMask = 2147483647;
			files = (
			);
			runOnlyForDeploymentPostprocessing = 0;
		};
		37DF40692C280AD80066B45D /* Resources */ = {
			isa = PBXResourcesBuildPhase;
			buildActionMask = 2147483647;
			files = (
			);
			runOnlyForDeploymentPostprocessing = 0;
		};
/* End PBXResourcesBuildPhase section */

/* Begin PBXSourcesBuildPhase section */
		371132AA2C281D4A00456FAA /* Sources */ = {
			isa = PBXSourcesBuildPhase;
			buildActionMask = 2147483647;
			files = (
				371132BC2C281D4A00456FAA /* WidgetTarget.swift in Sources */,
				371132B82C281D4A00456FAA /* WidgetTargetBundle.swift in Sources */,
				371132BE2C281D4A00456FAA /* AppIntent.swift in Sources */,
				371132BA2C281D4A00456FAA /* WidgetTargetControl.swift in Sources */,
				371132B62C281D4A00456FAA /* WidgetTargetLiveActivity.swift in Sources */,
			);
			runOnlyForDeploymentPostprocessing = 0;
		};
		37DF404B2C280AD70066B45D /* Sources */ = {
			isa = PBXSourcesBuildPhase;
			buildActionMask = 2147483647;
			files = (
				37DF40552C280AD70066B45D /* ContentView.swift in Sources */,
				37DF40572C280AD70066B45D /* Item.swift in Sources */,
				371132A92C280C5900456FAA /* AppIntent.swift in Sources */,
				37DF40532C280AD70066B45D /* ExampleApp.swift in Sources */,
			);
			runOnlyForDeploymentPostprocessing = 0;
		};
		37DF405D2C280AD80066B45D /* Sources */ = {
			isa = PBXSourcesBuildPhase;
			buildActionMask = 2147483647;
			files = (
				37DF40662C280AD80066B45D /* ExampleTests.swift in Sources */,
			);
			runOnlyForDeploymentPostprocessing = 0;
		};
		37DF40672C280AD80066B45D /* Sources */ = {
			isa = PBXSourcesBuildPhase;
			buildActionMask = 2147483647;
			files = (
				37DF40702C280AD80066B45D /* ExampleUITests.swift in Sources */,
				37DF40722C280AD80066B45D /* ExampleUITestsLaunchTests.swift in Sources */,
			);
			runOnlyForDeploymentPostprocessing = 0;
		};
/* End PBXSourcesBuildPhase section */

/* Begin PBXTargetDependency section */
		371132C32C281D4B00456FAA /* PBXTargetDependency */ = {
			isa = PBXTargetDependency;
			target = 371132AD2C281D4A00456FAA /* WidgetTargetExtension */;
			targetProxy = 371132C22C281D4B00456FAA /* PBXContainerItemProxy */;
		};
		37DF40632C280AD80066B45D /* PBXTargetDependency */ = {
			isa = PBXTargetDependency;
			target = 37DF404E2C280AD70066B45D /* Example */;
			targetProxy = 37DF40622C280AD80066B45D /* PBXContainerItemProxy */;
		};
		37DF406D2C280AD80066B45D /* PBXTargetDependency */ = {
			isa = PBXTargetDependency;
			target = 37DF404E2C280AD70066B45D /* Example */;
			targetProxy = 37DF406C2C280AD80066B45D /* PBXContainerItemProxy */;
		};
/* End PBXTargetDependency section */

/* Begin XCBuildConfiguration section */
		371132C62C281D4B00456FAA /* Debug */ = {
			isa = XCBuildConfiguration;
			buildSettings = {
				ASSETCATALOG_COMPILER_GLOBAL_ACCENT_COLOR_NAME = AccentColor;
				ASSETCATALOG_COMPILER_WIDGET_BACKGROUND_COLOR_NAME = WidgetBackground;
				CODE_SIGN_STYLE = Automatic;
				CURRENT_PROJECT_VERSION = 1;
				DEVELOPMENT_TEAM = FBQ6Z8AF3U;
				GENERATE_INFOPLIST_FILE = YES;
				INFOPLIST_FILE = WidgetTarget/Info.plist;
				INFOPLIST_KEY_CFBundleDisplayName = WidgetTarget;
				INFOPLIST_KEY_NSHumanReadableCopyright = "";
				LD_RUNPATH_SEARCH_PATHS = (
					"$(inherited)",
					"@executable_path/Frameworks",
					"@executable_path/../../Frameworks",
				);
				MARKETING_VERSION = 1.0;
				PRODUCT_BUNDLE_IDENTIFIER = dev.noppe.Example.WidgetTarget;
				PRODUCT_NAME = "$(TARGET_NAME)";
				SKIP_INSTALL = YES;
				SWIFT_EMIT_LOC_STRINGS = YES;
				SWIFT_VERSION = 5.0;
				TARGETED_DEVICE_FAMILY = "1,2";
			};
			name = Debug;
		};
		371132C72C281D4B00456FAA /* Release */ = {
			isa = XCBuildConfiguration;
			buildSettings = {
				ASSETCATALOG_COMPILER_GLOBAL_ACCENT_COLOR_NAME = AccentColor;
				ASSETCATALOG_COMPILER_WIDGET_BACKGROUND_COLOR_NAME = WidgetBackground;
				CODE_SIGN_STYLE = Automatic;
				CURRENT_PROJECT_VERSION = 1;
				DEVELOPMENT_TEAM = FBQ6Z8AF3U;
				GENERATE_INFOPLIST_FILE = YES;
				INFOPLIST_FILE = WidgetTarget/Info.plist;
				INFOPLIST_KEY_CFBundleDisplayName = WidgetTarget;
				INFOPLIST_KEY_NSHumanReadableCopyright = "";
				LD_RUNPATH_SEARCH_PATHS = (
					"$(inherited)",
					"@executable_path/Frameworks",
					"@executable_path/../../Frameworks",
				);
				MARKETING_VERSION = 1.0;
				PRODUCT_BUNDLE_IDENTIFIER = dev.noppe.Example.WidgetTarget;
				PRODUCT_NAME = "$(TARGET_NAME)";
				SKIP_INSTALL = YES;
				SWIFT_EMIT_LOC_STRINGS = YES;
				SWIFT_VERSION = 5.0;
				TARGETED_DEVICE_FAMILY = "1,2";
			};
			name = Release;
		};
		37DF40732C280AD80066B45D /* Debug */ = {
			isa = XCBuildConfiguration;
			buildSettings = {
				ALWAYS_SEARCH_USER_PATHS = NO;
				ASSETCATALOG_COMPILER_GENERATE_SWIFT_ASSET_SYMBOL_EXTENSIONS = YES;
				CLANG_ANALYZER_NONNULL = YES;
				CLANG_ANALYZER_NUMBER_OBJECT_CONVERSION = YES_AGGRESSIVE;
				CLANG_CXX_LANGUAGE_STANDARD = "gnu++20";
				CLANG_ENABLE_MODULES = YES;
				CLANG_ENABLE_OBJC_ARC = YES;
				CLANG_ENABLE_OBJC_WEAK = YES;
				CLANG_WARN_BLOCK_CAPTURE_AUTORELEASING = YES;
				CLANG_WARN_BOOL_CONVERSION = YES;
				CLANG_WARN_COMMA = YES;
				CLANG_WARN_CONSTANT_CONVERSION = YES;
				CLANG_WARN_DEPRECATED_OBJC_IMPLEMENTATIONS = YES;
				CLANG_WARN_DIRECT_OBJC_ISA_USAGE = YES_ERROR;
				CLANG_WARN_DOCUMENTATION_COMMENTS = YES;
				CLANG_WARN_EMPTY_BODY = YES;
				CLANG_WARN_ENUM_CONVERSION = YES;
				CLANG_WARN_INFINITE_RECURSION = YES;
				CLANG_WARN_INT_CONVERSION = YES;
				CLANG_WARN_NON_LITERAL_NULL_CONVERSION = YES;
				CLANG_WARN_OBJC_IMPLICIT_RETAIN_SELF = YES;
				CLANG_WARN_OBJC_LITERAL_CONVERSION = YES;
				CLANG_WARN_OBJC_ROOT_CLASS = YES_ERROR;
				CLANG_WARN_QUOTED_INCLUDE_IN_FRAMEWORK_HEADER = YES;
				CLANG_WARN_RANGE_LOOP_ANALYSIS = YES;
				CLANG_WARN_STRICT_PROTOTYPES = YES;
				CLANG_WARN_SUSPICIOUS_MOVE = YES;
				CLANG_WARN_UNGUARDED_AVAILABILITY = YES_AGGRESSIVE;
				CLANG_WARN_UNREACHABLE_CODE = YES;
				CLANG_WARN__DUPLICATE_METHOD_MATCH = YES;
				COPY_PHASE_STRIP = NO;
				DEBUG_INFORMATION_FORMAT = dwarf;
				ENABLE_STRICT_OBJC_MSGSEND = YES;
				ENABLE_TESTABILITY = YES;
				ENABLE_USER_SCRIPT_SANDBOXING = YES;
				GCC_C_LANGUAGE_STANDARD = gnu17;
				GCC_DYNAMIC_NO_PIC = NO;
				GCC_NO_COMMON_BLOCKS = YES;
				GCC_OPTIMIZATION_LEVEL = 0;
				GCC_PREPROCESSOR_DEFINITIONS = (
					"DEBUG=1",
					"$(inherited)",
				);
				GCC_WARN_64_TO_32_BIT_CONVERSION = YES;
				GCC_WARN_ABOUT_RETURN_TYPE = YES_ERROR;
				GCC_WARN_UNDECLARED_SELECTOR = YES;
				GCC_WARN_UNINITIALIZED_AUTOS = YES_AGGRESSIVE;
				GCC_WARN_UNUSED_FUNCTION = YES;
				GCC_WARN_UNUSED_VARIABLE = YES;
				IPHONEOS_DEPLOYMENT_TARGET = 18.0;
				LOCALIZATION_PREFERS_STRING_CATALOGS = YES;
				MTL_ENABLE_DEBUG_INFO = INCLUDE_SOURCE;
				MTL_FAST_MATH = YES;
				ONLY_ACTIVE_ARCH = YES;
				SDKROOT = iphoneos;
				SWIFT_ACTIVE_COMPILATION_CONDITIONS = "DEBUG $(inherited)";
				SWIFT_OPTIMIZATION_LEVEL = "-Onone";
			};
			name = Debug;
		};
		37DF40742C280AD80066B45D /* Release */ = {
			isa = XCBuildConfiguration;
			buildSettings = {
				ALWAYS_SEARCH_USER_PATHS = NO;
				ASSETCATALOG_COMPILER_GENERATE_SWIFT_ASSET_SYMBOL_EXTENSIONS = YES;
				CLANG_ANALYZER_NONNULL = YES;
				CLANG_ANALYZER_NUMBER_OBJECT_CONVERSION = YES_AGGRESSIVE;
				CLANG_CXX_LANGUAGE_STANDARD = "gnu++20";
				CLANG_ENABLE_MODULES = YES;
				CLANG_ENABLE_OBJC_ARC = YES;
				CLANG_ENABLE_OBJC_WEAK = YES;
				CLANG_WARN_BLOCK_CAPTURE_AUTORELEASING = YES;
				CLANG_WARN_BOOL_CONVERSION = YES;
				CLANG_WARN_COMMA = YES;
				CLANG_WARN_CONSTANT_CONVERSION = YES;
				CLANG_WARN_DEPRECATED_OBJC_IMPLEMENTATIONS = YES;
				CLANG_WARN_DIRECT_OBJC_ISA_USAGE = YES_ERROR;
				CLANG_WARN_DOCUMENTATION_COMMENTS = YES;
				CLANG_WARN_EMPTY_BODY = YES;
				CLANG_WARN_ENUM_CONVERSION = YES;
				CLANG_WARN_INFINITE_RECURSION = YES;
				CLANG_WARN_INT_CONVERSION = YES;
				CLANG_WARN_NON_LITERAL_NULL_CONVERSION = YES;
				CLANG_WARN_OBJC_IMPLICIT_RETAIN_SELF = YES;
				CLANG_WARN_OBJC_LITERAL_CONVERSION = YES;
				CLANG_WARN_OBJC_ROOT_CLASS = YES_ERROR;
				CLANG_WARN_QUOTED_INCLUDE_IN_FRAMEWORK_HEADER = YES;
				CLANG_WARN_RANGE_LOOP_ANALYSIS = YES;
				CLANG_WARN_STRICT_PROTOTYPES = YES;
				CLANG_WARN_SUSPICIOUS_MOVE = YES;
				CLANG_WARN_UNGUARDED_AVAILABILITY = YES_AGGRESSIVE;
				CLANG_WARN_UNREACHABLE_CODE = YES;
				CLANG_WARN__DUPLICATE_METHOD_MATCH = YES;
				COPY_PHASE_STRIP = NO;
				DEBUG_INFORMATION_FORMAT = "dwarf-with-dsym";
				ENABLE_NS_ASSERTIONS = NO;
				ENABLE_STRICT_OBJC_MSGSEND = YES;
				ENABLE_USER_SCRIPT_SANDBOXING = YES;
				GCC_C_LANGUAGE_STANDARD = gnu17;
				GCC_NO_COMMON_BLOCKS = YES;
				GCC_WARN_64_TO_32_BIT_CONVERSION = YES;
				GCC_WARN_ABOUT_RETURN_TYPE = YES_ERROR;
				GCC_WARN_UNDECLARED_SELECTOR = YES;
				GCC_WARN_UNINITIALIZED_AUTOS = YES_AGGRESSIVE;
				GCC_WARN_UNUSED_FUNCTION = YES;
				GCC_WARN_UNUSED_VARIABLE = YES;
				IPHONEOS_DEPLOYMENT_TARGET = 18.0;
				LOCALIZATION_PREFERS_STRING_CATALOGS = YES;
				MTL_ENABLE_DEBUG_INFO = NO;
				MTL_FAST_MATH = YES;
				SDKROOT = iphoneos;
				SWIFT_COMPILATION_MODE = wholemodule;
				VALIDATE_PRODUCT = YES;
			};
			name = Release;
		};
		37DF40762C280AD80066B45D /* Debug */ = {
			isa = XCBuildConfiguration;
			buildSettings = {
				ASSETCATALOG_COMPILER_APPICON_NAME = AppIcon;
				ASSETCATALOG_COMPILER_GLOBAL_ACCENT_COLOR_NAME = AccentColor;
				CODE_SIGN_STYLE = Automatic;
				CURRENT_PROJECT_VERSION = 1;
				DEVELOPMENT_ASSET_PATHS = "\"Example/Preview Content\"";
				DEVELOPMENT_TEAM = FBQ6Z8AF3U;
				ENABLE_PREVIEWS = YES;
				GENERATE_INFOPLIST_FILE = YES;
				INFOPLIST_KEY_UIApplicationSceneManifest_Generation = YES;
				INFOPLIST_KEY_UIApplicationSupportsIndirectInputEvents = YES;
				INFOPLIST_KEY_UILaunchScreen_Generation = YES;
				INFOPLIST_KEY_UISupportedInterfaceOrientations_iPad = "UIInterfaceOrientationPortrait UIInterfaceOrientationPortraitUpsideDown UIInterfaceOrientationLandscapeLeft UIInterfaceOrientationLandscapeRight";
				INFOPLIST_KEY_UISupportedInterfaceOrientations_iPhone = "UIInterfaceOrientationPortrait UIInterfaceOrientationLandscapeLeft UIInterfaceOrientationLandscapeRight";
				LD_RUNPATH_SEARCH_PATHS = (
					"$(inherited)",
					"@executable_path/Frameworks",
				);
				MARKETING_VERSION = 1.0;
				PRODUCT_BUNDLE_IDENTIFIER = dev.noppe.Example;
				PRODUCT_NAME = "$(TARGET_NAME)";
				SWIFT_EMIT_LOC_STRINGS = YES;
				SWIFT_VERSION = 5.0;
				TARGETED_DEVICE_FAMILY = "1,2";
			};
			name = Debug;
		};
		37DF40772C280AD80066B45D /* Release */ = {
			isa = XCBuildConfiguration;
			buildSettings = {
				ASSETCATALOG_COMPILER_APPICON_NAME = AppIcon;
				ASSETCATALOG_COMPILER_GLOBAL_ACCENT_COLOR_NAME = AccentColor;
				CODE_SIGN_STYLE = Automatic;
				CURRENT_PROJECT_VERSION = 1;
				DEVELOPMENT_ASSET_PATHS = "\"Example/Preview Content\"";
				DEVELOPMENT_TEAM = FBQ6Z8AF3U;
				ENABLE_PREVIEWS = YES;
				GENERATE_INFOPLIST_FILE = YES;
				INFOPLIST_KEY_UIApplicationSceneManifest_Generation = YES;
				INFOPLIST_KEY_UIApplicationSupportsIndirectInputEvents = YES;
				INFOPLIST_KEY_UILaunchScreen_Generation = YES;
				INFOPLIST_KEY_UISupportedInterfaceOrientations_iPad = "UIInterfaceOrientationPortrait UIInterfaceOrientationPortraitUpsideDown UIInterfaceOrientationLandscapeLeft UIInterfaceOrientationLandscapeRight";
				INFOPLIST_KEY_UISupportedInterfaceOrientations_iPhone = "UIInterfaceOrientationPortrait UIInterfaceOrientationLandscapeLeft UIInterfaceOrientationLandscapeRight";
				LD_RUNPATH_SEARCH_PATHS = (
					"$(inherited)",
					"@executable_path/Frameworks",
				);
				MARKETING_VERSION = 1.0;
				PRODUCT_BUNDLE_IDENTIFIER = dev.noppe.Example;
				PRODUCT_NAME = "$(TARGET_NAME)";
				SWIFT_EMIT_LOC_STRINGS = YES;
				SWIFT_VERSION = 5.0;
				TARGETED_DEVICE_FAMILY = "1,2";
			};
			name = Release;
		};
		37DF40792C280AD80066B45D /* Debug */ = {
			isa = XCBuildConfiguration;
			buildSettings = {
				BUNDLE_LOADER = "$(TEST_HOST)";
				CODE_SIGN_STYLE = Automatic;
				CURRENT_PROJECT_VERSION = 1;
				GENERATE_INFOPLIST_FILE = YES;
				IPHONEOS_DEPLOYMENT_TARGET = 18.0;
				MARKETING_VERSION = 1.0;
				PRODUCT_BUNDLE_IDENTIFIER = dev.noppe.ExampleTests;
				PRODUCT_NAME = "$(TARGET_NAME)";
				SWIFT_EMIT_LOC_STRINGS = NO;
				SWIFT_VERSION = 5.0;
				TARGETED_DEVICE_FAMILY = "1,2";
				TEST_HOST = "$(BUILT_PRODUCTS_DIR)/Example.app/$(BUNDLE_EXECUTABLE_FOLDER_PATH)/Example";
			};
			name = Debug;
		};
		37DF407A2C280AD80066B45D /* Release */ = {
			isa = XCBuildConfiguration;
			buildSettings = {
				BUNDLE_LOADER = "$(TEST_HOST)";
				CODE_SIGN_STYLE = Automatic;
				CURRENT_PROJECT_VERSION = 1;
				GENERATE_INFOPLIST_FILE = YES;
				IPHONEOS_DEPLOYMENT_TARGET = 18.0;
				MARKETING_VERSION = 1.0;
				PRODUCT_BUNDLE_IDENTIFIER = dev.noppe.ExampleTests;
				PRODUCT_NAME = "$(TARGET_NAME)";
				SWIFT_EMIT_LOC_STRINGS = NO;
				SWIFT_VERSION = 5.0;
				TARGETED_DEVICE_FAMILY = "1,2";
				TEST_HOST = "$(BUILT_PRODUCTS_DIR)/Example.app/$(BUNDLE_EXECUTABLE_FOLDER_PATH)/Example";
			};
			name = Release;
		};
		37DF407C2C280AD80066B45D /* Debug */ = {
			isa = XCBuildConfiguration;
			buildSettings = {
				CODE_SIGN_STYLE = Automatic;
				CURRENT_PROJECT_VERSION = 1;
				GENERATE_INFOPLIST_FILE = YES;
				MARKETING_VERSION = 1.0;
				PRODUCT_BUNDLE_IDENTIFIER = dev.noppe.ExampleUITests;
				PRODUCT_NAME = "$(TARGET_NAME)";
				SWIFT_EMIT_LOC_STRINGS = NO;
				SWIFT_VERSION = 5.0;
				TARGETED_DEVICE_FAMILY = "1,2";
				TEST_TARGET_NAME = Example;
			};
			name = Debug;
		};
		37DF407D2C280AD80066B45D /* Release */ = {
			isa = XCBuildConfiguration;
			buildSettings = {
				CODE_SIGN_STYLE = Automatic;
				CURRENT_PROJECT_VERSION = 1;
				GENERATE_INFOPLIST_FILE = YES;
				MARKETING_VERSION = 1.0;
				PRODUCT_BUNDLE_IDENTIFIER = dev.noppe.ExampleUITests;
				PRODUCT_NAME = "$(TARGET_NAME)";
				SWIFT_EMIT_LOC_STRINGS = NO;
				SWIFT_VERSION = 5.0;
				TARGETED_DEVICE_FAMILY = "1,2";
				TEST_TARGET_NAME = Example;
			};
			name = Release;
		};
/* End XCBuildConfiguration section */

/* Begin XCConfigurationList section */
		371132C52C281D4B00456FAA /* Build configuration list for PBXNativeTarget "WidgetTargetExtension" */ = {
			isa = XCConfigurationList;
			buildConfigurations = (
				371132C62C281D4B00456FAA /* Debug */,
				371132C72C281D4B00456FAA /* Release */,
			);
			defaultConfigurationIsVisible = 0;
			defaultConfigurationName = Release;
		};
		37DF404A2C280AD70066B45D /* Build configuration list for PBXProject "Example" */ = {
			isa = XCConfigurationList;
			buildConfigurations = (
				37DF40732C280AD80066B45D /* Debug */,
				37DF40742C280AD80066B45D /* Release */,
			);
			defaultConfigurationIsVisible = 0;
			defaultConfigurationName = Release;
		};
		37DF40752C280AD80066B45D /* Build configuration list for PBXNativeTarget "Example" */ = {
			isa = XCConfigurationList;
			buildConfigurations = (
				37DF40762C280AD80066B45D /* Debug */,
				37DF40772C280AD80066B45D /* Release */,
			);
			defaultConfigurationIsVisible = 0;
			defaultConfigurationName = Release;
		};
		37DF40782C280AD80066B45D /* Build configuration list for PBXNativeTarget "ExampleTests" */ = {
			isa = XCConfigurationList;
			buildConfigurations = (
				37DF40792C280AD80066B45D /* Debug */,
				37DF407A2C280AD80066B45D /* Release */,
			);
			defaultConfigurationIsVisible = 0;
			defaultConfigurationName = Release;
		};
		37DF407B2C280AD80066B45D /* Build configuration list for PBXNativeTarget "ExampleUITests" */ = {
			isa = XCConfigurationList;
			buildConfigurations = (
				37DF407C2C280AD80066B45D /* Debug */,
				37DF407D2C280AD80066B45D /* Release */,
			);
			defaultConfigurationIsVisible = 0;
			defaultConfigurationName = Release;
		};
/* End XCConfigurationList section */
	};
	rootObject = 37DF40472C280AD70066B45D /* Project object */;
}
