// !$*UTF8*$!
{
	archiveVersion = 1;
	classes = {
	};
	objectVersion = 60;
	objects = {

/* Begin PBXBuildFile section */
		371132A92C280C5900456FAA /* AppIntent.swift in Sources */ = {isa = PBXBuildFile; fileRef = 371132A82C280C5700456FAA /* AppIntent.swift */; };
		37DF40532C280AD70066B45D /* ExampleApp.swift in Sources */ = {isa = PBXBuildFile; fileRef = 37DF40522C280AD70066B45D /* ExampleApp.swift */; };
		37DF40552C280AD70066B45D /* ContentView.swift in Sources */ = {isa = PBXBuildFile; fileRef = 37DF40542C280AD70066B45D /* ContentView.swift */; };
		37DF40572C280AD70066B45D /* Item.swift in Sources */ = {isa = PBXBuildFile; fileRef = 37DF40562C280AD70066B45D /* Item.swift */; };
		37DF40592C280AD80066B45D /* Assets.xcassets in Resources */ = {isa = PBXBuildFile; fileRef = 37DF40582C280AD80066B45D /* Assets.xcassets */; };
		37DF405C2C280AD80066B45D /* Preview Assets.xcassets in Resources */ = {isa = PBXBuildFile; fileRef = 37DF405B2C280AD80066B45D /* Preview Assets.xcassets */; };
		37E7AFE82C2FEF9A002BE970 /* Intents.framework in Frameworks */ = {isa = PBXBuildFile; fileRef = 37E7AFE72C2FEF9A002BE970 /* Intents.framework */; };
		37E7AFEB2C2FEF9A002BE970 /* IntentHandler.swift in Sources */ = {isa = PBXBuildFile; fileRef = 37E7AFEA2C2FEF9A002BE970 /* IntentHandler.swift */; };
		37E7AFF32C2FEF9B002BE970 /* IntentsUI.framework in Frameworks */ = {isa = PBXBuildFile; fileRef = 37E7AFF22C2FEF9B002BE970 /* IntentsUI.framework */; };
		37E7AFF62C2FEF9B002BE970 /* IntentViewController.swift in Sources */ = {isa = PBXBuildFile; fileRef = 37E7AFF52C2FEF9B002BE970 /* IntentViewController.swift */; };
		37E7AFF92C2FEF9B002BE970 /* Base in Resources */ = {isa = PBXBuildFile; fileRef = 37E7AFF82C2FEF9B002BE970 /* Base */; };
		37E7AFFD2C2FEF9B002BE970 /* IntentsExtUI.appex in Embed Foundation Extensions */ = {isa = PBXBuildFile; fileRef = 37E7AFF12C2FEF9B002BE970 /* IntentsExtUI.appex */; settings = {ATTRIBUTES = (RemoveHeadersOnCopy, ); }; };
		37E7B0002C2FEF9B002BE970 /* IntentsExt.appex in Embed Foundation Extensions */ = {isa = PBXBuildFile; fileRef = 37E7AFE62C2FEF9A002BE970 /* IntentsExt.appex */; settings = {ATTRIBUTES = (RemoveHeadersOnCopy, ); }; };
/* End PBXBuildFile section */

/* Begin PBXContainerItemProxy section */
		37E7AFFB2C2FEF9B002BE970 /* PBXContainerItemProxy */ = {
			isa = PBXContainerItemProxy;
			containerPortal = 37DF40472C280AD70066B45D /* Project object */;
			proxyType = 1;
			remoteGlobalIDString = 37E7AFF02C2FEF9B002BE970;
			remoteInfo = IntentsExtUI;
		};
		37E7AFFE2C2FEF9B002BE970 /* PBXContainerItemProxy */ = {
			isa = PBXContainerItemProxy;
			containerPortal = 37DF40472C280AD70066B45D /* Project object */;
			proxyType = 1;
			remoteGlobalIDString = 37E7AFE52C2FEF9A002BE970;
			remoteInfo = IntentsExt;
		};
/* End PBXContainerItemProxy section */

/* Begin PBXCopyFilesBuildPhase section */
		371132C82C281D4B00456FAA /* Embed Foundation Extensions */ = {
			isa = PBXCopyFilesBuildPhase;
			buildActionMask = 2147483647;
			dstPath = "";
			dstSubfolderSpec = 13;
			files = (
				37E7B0002C2FEF9B002BE970 /* IntentsExt.appex in Embed Foundation Extensions */,
				37E7AFFD2C2FEF9B002BE970 /* IntentsExtUI.appex in Embed Foundation Extensions */,
			);
			name = "Embed Foundation Extensions";
			runOnlyForDeploymentPostprocessing = 0;
		};
/* End PBXCopyFilesBuildPhase section */

/* Begin PBXFileReference section */
		371132A82C280C5700456FAA /* AppIntent.swift */ = {isa = PBXFileReference; lastKnownFileType = sourcecode.swift; path = AppIntent.swift; sourceTree = "<group>"; };
		371132B02C281D4A00456FAA /* WidgetKit.framework */ = {isa = PBXFileReference; lastKnownFileType = wrapper.framework; name = WidgetKit.framework; path = System/Library/Frameworks/WidgetKit.framework; sourceTree = SDKROOT; };
		371132B22C281D4A00456FAA /* SwiftUI.framework */ = {isa = PBXFileReference; lastKnownFileType = wrapper.framework; name = SwiftUI.framework; path = System/Library/Frameworks/SwiftUI.framework; sourceTree = SDKROOT; };
		37DF404F2C280AD70066B45D /* Example.app */ = {isa = PBXFileReference; explicitFileType = wrapper.application; includeInIndex = 0; path = Example.app; sourceTree = BUILT_PRODUCTS_DIR; };
		37DF40522C280AD70066B45D /* ExampleApp.swift */ = {isa = PBXFileReference; lastKnownFileType = sourcecode.swift; path = ExampleApp.swift; sourceTree = "<group>"; };
		37DF40542C280AD70066B45D /* ContentView.swift */ = {isa = PBXFileReference; lastKnownFileType = sourcecode.swift; path = ContentView.swift; sourceTree = "<group>"; };
		37DF40562C280AD70066B45D /* Item.swift */ = {isa = PBXFileReference; lastKnownFileType = sourcecode.swift; path = Item.swift; sourceTree = "<group>"; };
		37DF40582C280AD80066B45D /* Assets.xcassets */ = {isa = PBXFileReference; lastKnownFileType = folder.assetcatalog; path = Assets.xcassets; sourceTree = "<group>"; };
		37DF405B2C280AD80066B45D /* Preview Assets.xcassets */ = {isa = PBXFileReference; lastKnownFileType = folder.assetcatalog; path = "Preview Assets.xcassets"; sourceTree = "<group>"; };
		37E7AFE62C2FEF9A002BE970 /* IntentsExt.appex */ = {isa = PBXFileReference; explicitFileType = "wrapper.app-extension"; includeInIndex = 0; path = IntentsExt.appex; sourceTree = BUILT_PRODUCTS_DIR; };
		37E7AFE72C2FEF9A002BE970 /* Intents.framework */ = {isa = PBXFileReference; lastKnownFileType = wrapper.framework; name = Intents.framework; path = System/Library/Frameworks/Intents.framework; sourceTree = SDKROOT; };
		37E7AFEA2C2FEF9A002BE970 /* IntentHandler.swift */ = {isa = PBXFileReference; lastKnownFileType = sourcecode.swift; path = IntentHandler.swift; sourceTree = "<group>"; };
		37E7AFEC2C2FEF9A002BE970 /* Info.plist */ = {isa = PBXFileReference; lastKnownFileType = text.plist.xml; path = Info.plist; sourceTree = "<group>"; };
		37E7AFF12C2FEF9B002BE970 /* IntentsExtUI.appex */ = {isa = PBXFileReference; explicitFileType = "wrapper.app-extension"; includeInIndex = 0; path = IntentsExtUI.appex; sourceTree = BUILT_PRODUCTS_DIR; };
		37E7AFF22C2FEF9B002BE970 /* IntentsUI.framework */ = {isa = PBXFileReference; lastKnownFileType = wrapper.framework; name = IntentsUI.framework; path = System/Library/Frameworks/IntentsUI.framework; sourceTree = SDKROOT; };
		37E7AFF52C2FEF9B002BE970 /* IntentViewController.swift */ = {isa = PBXFileReference; lastKnownFileType = sourcecode.swift; path = IntentViewController.swift; sourceTree = "<group>"; };
		37E7AFF82C2FEF9B002BE970 /* Base */ = {isa = PBXFileReference; lastKnownFileType = file.storyboard; name = Base; path = Base.lproj/MainInterface.storyboard; sourceTree = "<group>"; };
		37E7AFFA2C2FEF9B002BE970 /* Info.plist */ = {isa = PBXFileReference; lastKnownFileType = text.plist.xml; path = Info.plist; sourceTree = "<group>"; };
/* End PBXFileReference section */

/* Begin PBXFrameworksBuildPhase section */
		37DF404C2C280AD70066B45D /* Frameworks */ = {
			isa = PBXFrameworksBuildPhase;
			buildActionMask = 2147483647;
			files = (
			);
			runOnlyForDeploymentPostprocessing = 0;
		};
		37E7AFE32C2FEF9A002BE970 /* Frameworks */ = {
			isa = PBXFrameworksBuildPhase;
			buildActionMask = 2147483647;
			files = (
				37E7AFE82C2FEF9A002BE970 /* Intents.framework in Frameworks */,
			);
			runOnlyForDeploymentPostprocessing = 0;
		};
		37E7AFEE2C2FEF9B002BE970 /* Frameworks */ = {
			isa = PBXFrameworksBuildPhase;
			buildActionMask = 2147483647;
			files = (
				37E7AFF32C2FEF9B002BE970 /* IntentsUI.framework in Frameworks */,
			);
			runOnlyForDeploymentPostprocessing = 0;
		};
/* End PBXFrameworksBuildPhase section */

/* Begin PBXGroup section */
		371132AF2C281D4A00456FAA /* Frameworks */ = {
			isa = PBXGroup;
			children = (
				371132B02C281D4A00456FAA /* WidgetKit.framework */,
				371132B22C281D4A00456FAA /* SwiftUI.framework */,
				37E7AFE72C2FEF9A002BE970 /* Intents.framework */,
				37E7AFF22C2FEF9B002BE970 /* IntentsUI.framework */,
			);
			name = Frameworks;
			sourceTree = "<group>";
		};
		37DF40462C280AD70066B45D = {
			isa = PBXGroup;
			children = (
				37DF40512C280AD70066B45D /* Example */,
				37E7AFE92C2FEF9A002BE970 /* IntentsExt */,
				37E7AFF42C2FEF9B002BE970 /* IntentsExtUI */,
				371132AF2C281D4A00456FAA /* Frameworks */,
				37DF40502C280AD70066B45D /* Products */,
			);
			sourceTree = "<group>";
		};
		37DF40502C280AD70066B45D /* Products */ = {
			isa = PBXGroup;
			children = (
				37DF404F2C280AD70066B45D /* Example.app */,
				37E7AFE62C2FEF9A002BE970 /* IntentsExt.appex */,
				37E7AFF12C2FEF9B002BE970 /* IntentsExtUI.appex */,
			);
			name = Products;
			sourceTree = "<group>";
		};
		37DF40512C280AD70066B45D /* Example */ = {
			isa = PBXGroup;
			children = (
				371132A82C280C5700456FAA /* AppIntent.swift */,
				37DF40522C280AD70066B45D /* ExampleApp.swift */,
				37DF40542C280AD70066B45D /* ContentView.swift */,
				37DF40562C280AD70066B45D /* Item.swift */,
				37DF40582C280AD80066B45D /* Assets.xcassets */,
				37DF405A2C280AD80066B45D /* Preview Content */,
			);
			path = Example;
			sourceTree = "<group>";
		};
		37DF405A2C280AD80066B45D /* Preview Content */ = {
			isa = PBXGroup;
			children = (
				37DF405B2C280AD80066B45D /* Preview Assets.xcassets */,
			);
			path = "Preview Content";
			sourceTree = "<group>";
		};
		37E7AFE92C2FEF9A002BE970 /* IntentsExt */ = {
			isa = PBXGroup;
			children = (
				37E7AFEA2C2FEF9A002BE970 /* IntentHandler.swift */,
				37E7AFEC2C2FEF9A002BE970 /* Info.plist */,
			);
			path = IntentsExt;
			sourceTree = "<group>";
		};
		37E7AFF42C2FEF9B002BE970 /* IntentsExtUI */ = {
			isa = PBXGroup;
			children = (
				37E7AFF52C2FEF9B002BE970 /* IntentViewController.swift */,
				37E7AFF72C2FEF9B002BE970 /* MainInterface.storyboard */,
				37E7AFFA2C2FEF9B002BE970 /* Info.plist */,
			);
			path = IntentsExtUI;
			sourceTree = "<group>";
		};
/* End PBXGroup section */

/* Begin PBXNativeTarget section */
		37DF404E2C280AD70066B45D /* Example */ = {
			isa = PBXNativeTarget;
			buildConfigurationList = 37DF40752C280AD80066B45D /* Build configuration list for PBXNativeTarget "Example" */;
			buildPhases = (
				37DF404B2C280AD70066B45D /* Sources */,
				37DF404C2C280AD70066B45D /* Frameworks */,
				37DF404D2C280AD70066B45D /* Resources */,
				371132C82C281D4B00456FAA /* Embed Foundation Extensions */,
			);
			buildRules = (
			);
			dependencies = (
				37E7AFFC2C2FEF9B002BE970 /* PBXTargetDependency */,
				37E7AFFF2C2FEF9B002BE970 /* PBXTargetDependency */,
			);
			name = Example;
			productName = Example;
			productReference = 37DF404F2C280AD70066B45D /* Example.app */;
			productType = "com.apple.product-type.application";
		};
		37E7AFE52C2FEF9A002BE970 /* IntentsExt */ = {
			isa = PBXNativeTarget;
			buildConfigurationList = 37E7B0042C2FEF9B002BE970 /* Build configuration list for PBXNativeTarget "IntentsExt" */;
			buildPhases = (
				37E7AFE22C2FEF9A002BE970 /* Sources */,
				37E7AFE32C2FEF9A002BE970 /* Frameworks */,
				37E7AFE42C2FEF9A002BE970 /* Resources */,
			);
			buildRules = (
			);
			dependencies = (
			);
			name = IntentsExt;
			productName = IntentsExt;
			productReference = 37E7AFE62C2FEF9A002BE970 /* IntentsExt.appex */;
			productType = "com.apple.product-type.app-extension";
		};
		37E7AFF02C2FEF9B002BE970 /* IntentsExtUI */ = {
			isa = PBXNativeTarget;
			buildConfigurationList = 37E7B0012C2FEF9B002BE970 /* Build configuration list for PBXNativeTarget "IntentsExtUI" */;
			buildPhases = (
				37E7AFED2C2FEF9B002BE970 /* Sources */,
				37E7AFEE2C2FEF9B002BE970 /* Frameworks */,
				37E7AFEF2C2FEF9B002BE970 /* Resources */,
			);
			buildRules = (
			);
			dependencies = (
			);
			name = IntentsExtUI;
			productName = IntentsExtUI;
			productReference = 37E7AFF12C2FEF9B002BE970 /* IntentsExtUI.appex */;
			productType = "com.apple.product-type.app-extension";
		};
/* End PBXNativeTarget section */

/* Begin PBXProject section */
		37DF40472C280AD70066B45D /* Project object */ = {
			isa = PBXProject;
			attributes = {
				BuildIndependentTargetsInParallel = 1;
				LastSwiftUpdateCheck = 1600;
				LastUpgradeCheck = 1600;
				TargetAttributes = {
					37DF404E2C280AD70066B45D = {
						CreatedOnToolsVersion = 16.0;
					};
					37E7AFE52C2FEF9A002BE970 = {
						CreatedOnToolsVersion = 16.0;
					};
					37E7AFF02C2FEF9B002BE970 = {
						CreatedOnToolsVersion = 16.0;
					};
				};
			};
			buildConfigurationList = 37DF404A2C280AD70066B45D /* Build configuration list for PBXProject "Example" */;
			compatibilityVersion = "Xcode 15.0";
			developmentRegion = en;
			hasScannedForEncodings = 0;
			knownRegions = (
				en,
				Base,
			);
			mainGroup = 37DF40462C280AD70066B45D;
			productRefGroup = 37DF40502C280AD70066B45D /* Products */;
			projectDirPath = "";
			projectRoot = "";
			targets = (
				37DF404E2C280AD70066B45D /* Example */,
				37E7AFE52C2FEF9A002BE970 /* IntentsExt */,
				37E7AFF02C2FEF9B002BE970 /* IntentsExtUI */,
			);
		};
/* End PBXProject section */

/* Begin PBXResourcesBuildPhase section */
		37DF404D2C280AD70066B45D /* Resources */ = {
			isa = PBXResourcesBuildPhase;
			buildActionMask = 2147483647;
			files = (
				37DF405C2C280AD80066B45D /* Preview Assets.xcassets in Resources */,
				37DF40592C280AD80066B45D /* Assets.xcassets in Resources */,
			);
			runOnlyForDeploymentPostprocessing = 0;
		};
		37E7AFE42C2FEF9A002BE970 /* Resources */ = {
			isa = PBXResourcesBuildPhase;
			buildActionMask = 2147483647;
			files = (
			);
			runOnlyForDeploymentPostprocessing = 0;
		};
		37E7AFEF2C2FEF9B002BE970 /* Resources */ = {
			isa = PBXResourcesBuildPhase;
			buildActionMask = 2147483647;
			files = (
				37E7AFF92C2FEF9B002BE970 /* Base in Resources */,
			);
			runOnlyForDeploymentPostprocessing = 0;
		};
/* End PBXResourcesBuildPhase section */

/* Begin PBXSourcesBuildPhase section */
		37DF404B2C280AD70066B45D /* Sources */ = {
			isa = PBXSourcesBuildPhase;
			buildActionMask = 2147483647;
			files = (
				37DF40552C280AD70066B45D /* ContentView.swift in Sources */,
				37DF40572C280AD70066B45D /* Item.swift in Sources */,
				371132A92C280C5900456FAA /* AppIntent.swift in Sources */,
				37DF40532C280AD70066B45D /* ExampleApp.swift in Sources */,
			);
			runOnlyForDeploymentPostprocessing = 0;
		};
		37E7AFE22C2FEF9A002BE970 /* Sources */ = {
			isa = PBXSourcesBuildPhase;
			buildActionMask = 2147483647;
			files = (
				37E7AFEB2C2FEF9A002BE970 /* IntentHandler.swift in Sources */,
			);
			runOnlyForDeploymentPostprocessing = 0;
		};
		37E7AFED2C2FEF9B002BE970 /* Sources */ = {
			isa = PBXSourcesBuildPhase;
			buildActionMask = 2147483647;
			files = (
				37E7AFF62C2FEF9B002BE970 /* IntentViewController.swift in Sources */,
			);
			runOnlyForDeploymentPostprocessing = 0;
		};
/* End PBXSourcesBuildPhase section */

/* Begin PBXTargetDependency section */
		37E7AFFC2C2FEF9B002BE970 /* PBXTargetDependency */ = {
			isa = PBXTargetDependency;
			target = 37E7AFF02C2FEF9B002BE970 /* IntentsExtUI */;
			targetProxy = 37E7AFFB2C2FEF9B002BE970 /* PBXContainerItemProxy */;
		};
		37E7AFFF2C2FEF9B002BE970 /* PBXTargetDependency */ = {
			isa = PBXTargetDependency;
			target = 37E7AFE52C2FEF9A002BE970 /* IntentsExt */;
			targetProxy = 37E7AFFE2C2FEF9B002BE970 /* PBXContainerItemProxy */;
		};
/* End PBXTargetDependency section */

/* Begin PBXVariantGroup section */
		37E7AFF72C2FEF9B002BE970 /* MainInterface.storyboard */ = {
			isa = PBXVariantGroup;
			children = (
				37E7AFF82C2FEF9B002BE970 /* Base */,
			);
			name = MainInterface.storyboard;
			sourceTree = "<group>";
		};
/* End PBXVariantGroup section */

/* Begin XCBuildConfiguration section */
		37DF40732C280AD80066B45D /* Debug */ = {
			isa = XCBuildConfiguration;
			buildSettings = {
				ALWAYS_SEARCH_USER_PATHS = NO;
				ASSETCATALOG_COMPILER_GENERATE_SWIFT_ASSET_SYMBOL_EXTENSIONS = YES;
				CLANG_ANALYZER_NONNULL = YES;
				CLANG_ANALYZER_NUMBER_OBJECT_CONVERSION = YES_AGGRESSIVE;
				CLANG_CXX_LANGUAGE_STANDARD = "gnu++20";
				CLANG_ENABLE_MODULES = YES;
				CLANG_ENABLE_OBJC_ARC = YES;
				CLANG_ENABLE_OBJC_WEAK = YES;
				CLANG_WARN_BLOCK_CAPTURE_AUTORELEASING = YES;
				CLANG_WARN_BOOL_CONVERSION = YES;
				CLANG_WARN_COMMA = YES;
				CLANG_WARN_CONSTANT_CONVERSION = YES;
				CLANG_WARN_DEPRECATED_OBJC_IMPLEMENTATIONS = YES;
				CLANG_WARN_DIRECT_OBJC_ISA_USAGE = YES_ERROR;
				CLANG_WARN_DOCUMENTATION_COMMENTS = YES;
				CLANG_WARN_EMPTY_BODY = YES;
				CLANG_WARN_ENUM_CONVERSION = YES;
				CLANG_WARN_INFINITE_RECURSION = YES;
				CLANG_WARN_INT_CONVERSION = YES;
				CLANG_WARN_NON_LITERAL_NULL_CONVERSION = YES;
				CLANG_WARN_OBJC_IMPLICIT_RETAIN_SELF = YES;
				CLANG_WARN_OBJC_LITERAL_CONVERSION = YES;
				CLANG_WARN_OBJC_ROOT_CLASS = YES_ERROR;
				CLANG_WARN_QUOTED_INCLUDE_IN_FRAMEWORK_HEADER = YES;
				CLANG_WARN_RANGE_LOOP_ANALYSIS = YES;
				CLANG_WARN_STRICT_PROTOTYPES = YES;
				CLANG_WARN_SUSPICIOUS_MOVE = YES;
				CLANG_WARN_UNGUARDED_AVAILABILITY = YES_AGGRESSIVE;
				CLANG_WARN_UNREACHABLE_CODE = YES;
				CLANG_WARN__DUPLICATE_METHOD_MATCH = YES;
				COPY_PHASE_STRIP = NO;
				DEBUG_INFORMATION_FORMAT = dwarf;
				ENABLE_STRICT_OBJC_MSGSEND = YES;
				ENABLE_TESTABILITY = YES;
				ENABLE_USER_SCRIPT_SANDBOXING = YES;
				GCC_C_LANGUAGE_STANDARD = gnu17;
				GCC_DYNAMIC_NO_PIC = NO;
				GCC_NO_COMMON_BLOCKS = YES;
				GCC_OPTIMIZATION_LEVEL = 0;
				GCC_PREPROCESSOR_DEFINITIONS = (
					"DEBUG=1",
					"$(inherited)",
				);
				GCC_WARN_64_TO_32_BIT_CONVERSION = YES;
				GCC_WARN_ABOUT_RETURN_TYPE = YES_ERROR;
				GCC_WARN_UNDECLARED_SELECTOR = YES;
				GCC_WARN_UNINITIALIZED_AUTOS = YES_AGGRESSIVE;
				GCC_WARN_UNUSED_FUNCTION = YES;
				GCC_WARN_UNUSED_VARIABLE = YES;
				IPHONEOS_DEPLOYMENT_TARGET = 18.0;
				LOCALIZATION_PREFERS_STRING_CATALOGS = YES;
				MTL_ENABLE_DEBUG_INFO = INCLUDE_SOURCE;
				MTL_FAST_MATH = YES;
				ONLY_ACTIVE_ARCH = YES;
				SDKROOT = iphoneos;
				SWIFT_ACTIVE_COMPILATION_CONDITIONS = "DEBUG $(inherited)";
				SWIFT_OPTIMIZATION_LEVEL = "-Onone";
			};
			name = Debug;
		};
		37DF40742C280AD80066B45D /* Release */ = {
			isa = XCBuildConfiguration;
			buildSettings = {
				ALWAYS_SEARCH_USER_PATHS = NO;
				ASSETCATALOG_COMPILER_GENERATE_SWIFT_ASSET_SYMBOL_EXTENSIONS = YES;
				CLANG_ANALYZER_NONNULL = YES;
				CLANG_ANALYZER_NUMBER_OBJECT_CONVERSION = YES_AGGRESSIVE;
				CLANG_CXX_LANGUAGE_STANDARD = "gnu++20";
				CLANG_ENABLE_MODULES = YES;
				CLANG_ENABLE_OBJC_ARC = YES;
				CLANG_ENABLE_OBJC_WEAK = YES;
				CLANG_WARN_BLOCK_CAPTURE_AUTORELEASING = YES;
				CLANG_WARN_BOOL_CONVERSION = YES;
				CLANG_WARN_COMMA = YES;
				CLANG_WARN_CONSTANT_CONVERSION = YES;
				CLANG_WARN_DEPRECATED_OBJC_IMPLEMENTATIONS = YES;
				CLANG_WARN_DIRECT_OBJC_ISA_USAGE = YES_ERROR;
				CLANG_WARN_DOCUMENTATION_COMMENTS = YES;
				CLANG_WARN_EMPTY_BODY = YES;
				CLANG_WARN_ENUM_CONVERSION = YES;
				CLANG_WARN_INFINITE_RECURSION = YES;
				CLANG_WARN_INT_CONVERSION = YES;
				CLANG_WARN_NON_LITERAL_NULL_CONVERSION = YES;
				CLANG_WARN_OBJC_IMPLICIT_RETAIN_SELF = YES;
				CLANG_WARN_OBJC_LITERAL_CONVERSION = YES;
				CLANG_WARN_OBJC_ROOT_CLASS = YES_ERROR;
				CLANG_WARN_QUOTED_INCLUDE_IN_FRAMEWORK_HEADER = YES;
				CLANG_WARN_RANGE_LOOP_ANALYSIS = YES;
				CLANG_WARN_STRICT_PROTOTYPES = YES;
				CLANG_WARN_SUSPICIOUS_MOVE = YES;
				CLANG_WARN_UNGUARDED_AVAILABILITY = YES_AGGRESSIVE;
				CLANG_WARN_UNREACHABLE_CODE = YES;
				CLANG_WARN__DUPLICATE_METHOD_MATCH = YES;
				COPY_PHASE_STRIP = NO;
				DEBUG_INFORMATION_FORMAT = "dwarf-with-dsym";
				ENABLE_NS_ASSERTIONS = NO;
				ENABLE_STRICT_OBJC_MSGSEND = YES;
				ENABLE_USER_SCRIPT_SANDBOXING = YES;
				GCC_C_LANGUAGE_STANDARD = gnu17;
				GCC_NO_COMMON_BLOCKS = YES;
				GCC_WARN_64_TO_32_BIT_CONVERSION = YES;
				GCC_WARN_ABOUT_RETURN_TYPE = YES_ERROR;
				GCC_WARN_UNDECLARED_SELECTOR = YES;
				GCC_WARN_UNINITIALIZED_AUTOS = YES_AGGRESSIVE;
				GCC_WARN_UNUSED_FUNCTION = YES;
				GCC_WARN_UNUSED_VARIABLE = YES;
				IPHONEOS_DEPLOYMENT_TARGET = 18.0;
				LOCALIZATION_PREFERS_STRING_CATALOGS = YES;
				MTL_ENABLE_DEBUG_INFO = NO;
				MTL_FAST_MATH = YES;
				SDKROOT = iphoneos;
				SWIFT_COMPILATION_MODE = wholemodule;
				VALIDATE_PRODUCT = YES;
			};
			name = Release;
		};
		37DF40762C280AD80066B45D /* Debug */ = {
			isa = XCBuildConfiguration;
			buildSettings = {
				ASSETCATALOG_COMPILER_APPICON_NAME = AppIcon;
				ASSETCATALOG_COMPILER_GLOBAL_ACCENT_COLOR_NAME = AccentColor;
				CODE_SIGN_STYLE = Automatic;
				CURRENT_PROJECT_VERSION = 1;
				DEVELOPMENT_ASSET_PATHS = "\"Example/Preview Content\"";
				DEVELOPMENT_TEAM = FBQ6Z8AF3U;
				ENABLE_PREVIEWS = YES;
				GENERATE_INFOPLIST_FILE = YES;
				INFOPLIST_KEY_UIApplicationSceneManifest_Generation = YES;
				INFOPLIST_KEY_UIApplicationSupportsIndirectInputEvents = YES;
				INFOPLIST_KEY_UILaunchScreen_Generation = YES;
				INFOPLIST_KEY_UISupportedInterfaceOrientations_iPad = "UIInterfaceOrientationPortrait UIInterfaceOrientationPortraitUpsideDown UIInterfaceOrientationLandscapeLeft UIInterfaceOrientationLandscapeRight";
				INFOPLIST_KEY_UISupportedInterfaceOrientations_iPhone = "UIInterfaceOrientationPortrait UIInterfaceOrientationLandscapeLeft UIInterfaceOrientationLandscapeRight";
				LD_RUNPATH_SEARCH_PATHS = (
					"$(inherited)",
					"@executable_path/Frameworks",
				);
				MARKETING_VERSION = 1.0;
				PRODUCT_BUNDLE_IDENTIFIER = dev.noppe.Example;
				PRODUCT_NAME = "$(TARGET_NAME)";
				SWIFT_EMIT_LOC_STRINGS = YES;
				SWIFT_VERSION = 5.0;
				TARGETED_DEVICE_FAMILY = "1,2";
			};
			name = Debug;
		};
		37DF40772C280AD80066B45D /* Release */ = {
			isa = XCBuildConfiguration;
			buildSettings = {
				ASSETCATALOG_COMPILER_APPICON_NAME = AppIcon;
				ASSETCATALOG_COMPILER_GLOBAL_ACCENT_COLOR_NAME = AccentColor;
				CODE_SIGN_STYLE = Automatic;
				CURRENT_PROJECT_VERSION = 1;
				DEVELOPMENT_ASSET_PATHS = "\"Example/Preview Content\"";
				DEVELOPMENT_TEAM = FBQ6Z8AF3U;
				ENABLE_PREVIEWS = YES;
				GENERATE_INFOPLIST_FILE = YES;
				INFOPLIST_KEY_UIApplicationSceneManifest_Generation = YES;
				INFOPLIST_KEY_UIApplicationSupportsIndirectInputEvents = YES;
				INFOPLIST_KEY_UILaunchScreen_Generation = YES;
				INFOPLIST_KEY_UISupportedInterfaceOrientations_iPad = "UIInterfaceOrientationPortrait UIInterfaceOrientationPortraitUpsideDown UIInterfaceOrientationLandscapeLeft UIInterfaceOrientationLandscapeRight";
				INFOPLIST_KEY_UISupportedInterfaceOrientations_iPhone = "UIInterfaceOrientationPortrait UIInterfaceOrientationLandscapeLeft UIInterfaceOrientationLandscapeRight";
				LD_RUNPATH_SEARCH_PATHS = (
					"$(inherited)",
					"@executable_path/Frameworks",
				);
				MARKETING_VERSION = 1.0;
				PRODUCT_BUNDLE_IDENTIFIER = dev.noppe.Example;
				PRODUCT_NAME = "$(TARGET_NAME)";
				SWIFT_EMIT_LOC_STRINGS = YES;
				SWIFT_VERSION = 5.0;
				TARGETED_DEVICE_FAMILY = "1,2";
			};
			name = Release;
		};
		37E7B0022C2FEF9B002BE970 /* Debug */ = {
			isa = XCBuildConfiguration;
			buildSettings = {
				CODE_SIGN_STYLE = Automatic;
				CURRENT_PROJECT_VERSION = 1;
				DEVELOPMENT_TEAM = FBQ6Z8AF3U;
				GENERATE_INFOPLIST_FILE = YES;
				INFOPLIST_FILE = IntentsExtUI/Info.plist;
				INFOPLIST_KEY_CFBundleDisplayName = IntentsExtUI;
				INFOPLIST_KEY_NSHumanReadableCopyright = "";
				LD_RUNPATH_SEARCH_PATHS = (
					"$(inherited)",
					"@executable_path/Frameworks",
					"@executable_path/../../Frameworks",
				);
				MARKETING_VERSION = 1.0;
				PRODUCT_BUNDLE_IDENTIFIER = dev.noppe.Example.IntentsExtUI;
				PRODUCT_NAME = "$(TARGET_NAME)";
				SKIP_INSTALL = YES;
				SWIFT_EMIT_LOC_STRINGS = YES;
				SWIFT_VERSION = 5.0;
				TARGETED_DEVICE_FAMILY = "1,2";
			};
			name = Debug;
		};
		37E7B0032C2FEF9B002BE970 /* Release */ = {
			isa = XCBuildConfiguration;
			buildSettings = {
				CODE_SIGN_STYLE = Automatic;
				CURRENT_PROJECT_VERSION = 1;
				DEVELOPMENT_TEAM = FBQ6Z8AF3U;
				GENERATE_INFOPLIST_FILE = YES;
				INFOPLIST_FILE = IntentsExtUI/Info.plist;
				INFOPLIST_KEY_CFBundleDisplayName = IntentsExtUI;
				INFOPLIST_KEY_NSHumanReadableCopyright = "";
				LD_RUNPATH_SEARCH_PATHS = (
					"$(inherited)",
					"@executable_path/Frameworks",
					"@executable_path/../../Frameworks",
				);
				MARKETING_VERSION = 1.0;
				PRODUCT_BUNDLE_IDENTIFIER = dev.noppe.Example.IntentsExtUI;
				PRODUCT_NAME = "$(TARGET_NAME)";
				SKIP_INSTALL = YES;
				SWIFT_EMIT_LOC_STRINGS = YES;
				SWIFT_VERSION = 5.0;
				TARGETED_DEVICE_FAMILY = "1,2";
			};
			name = Release;
		};
		37E7B0052C2FEF9B002BE970 /* Debug */ = {
			isa = XCBuildConfiguration;
			buildSettings = {
				CODE_SIGN_STYLE = Automatic;
				CURRENT_PROJECT_VERSION = 1;
				DEVELOPMENT_TEAM = FBQ6Z8AF3U;
				GENERATE_INFOPLIST_FILE = YES;
				INFOPLIST_FILE = IntentsExt/Info.plist;
				INFOPLIST_KEY_CFBundleDisplayName = IntentsExt;
				INFOPLIST_KEY_NSHumanReadableCopyright = "";
				LD_RUNPATH_SEARCH_PATHS = (
					"$(inherited)",
					"@executable_path/Frameworks",
					"@executable_path/../../Frameworks",
				);
				MARKETING_VERSION = 1.0;
				PRODUCT_BUNDLE_IDENTIFIER = dev.noppe.Example.IntentsExt;
				PRODUCT_NAME = "$(TARGET_NAME)";
				SKIP_INSTALL = YES;
				SWIFT_EMIT_LOC_STRINGS = YES;
				SWIFT_VERSION = 5.0;
				TARGETED_DEVICE_FAMILY = "1,2";
			};
			name = Debug;
		};
		37E7B0062C2FEF9B002BE970 /* Release */ = {
			isa = XCBuildConfiguration;
			buildSettings = {
				CODE_SIGN_STYLE = Automatic;
				CURRENT_PROJECT_VERSION = 1;
				DEVELOPMENT_TEAM = FBQ6Z8AF3U;
				GENERATE_INFOPLIST_FILE = YES;
				INFOPLIST_FILE = IntentsExt/Info.plist;
				INFOPLIST_KEY_CFBundleDisplayName = IntentsExt;
				INFOPLIST_KEY_NSHumanReadableCopyright = "";
				LD_RUNPATH_SEARCH_PATHS = (
					"$(inherited)",
					"@executable_path/Frameworks",
					"@executable_path/../../Frameworks",
				);
				MARKETING_VERSION = 1.0;
				PRODUCT_BUNDLE_IDENTIFIER = dev.noppe.Example.IntentsExt;
				PRODUCT_NAME = "$(TARGET_NAME)";
				SKIP_INSTALL = YES;
				SWIFT_EMIT_LOC_STRINGS = YES;
				SWIFT_VERSION = 5.0;
				TARGETED_DEVICE_FAMILY = "1,2";
			};
			name = Release;
		};
/* End XCBuildConfiguration section */

/* Begin XCConfigurationList section */
		37DF404A2C280AD70066B45D /* Build configuration list for PBXProject "Example" */ = {
			isa = XCConfigurationList;
			buildConfigurations = (
				37DF40732C280AD80066B45D /* Debug */,
				37DF40742C280AD80066B45D /* Release */,
			);
			defaultConfigurationIsVisible = 0;
			defaultConfigurationName = Release;
		};
		37DF40752C280AD80066B45D /* Build configuration list for PBXNativeTarget "Example" */ = {
			isa = XCConfigurationList;
			buildConfigurations = (
				37DF40762C280AD80066B45D /* Debug */,
				37DF40772C280AD80066B45D /* Release */,
			);
			defaultConfigurationIsVisible = 0;
			defaultConfigurationName = Release;
		};
		37E7B0012C2FEF9B002BE970 /* Build configuration list for PBXNativeTarget "IntentsExtUI" */ = {
			isa = XCConfigurationList;
			buildConfigurations = (
				37E7B0022C2FEF9B002BE970 /* Debug */,
				37E7B0032C2FEF9B002BE970 /* Release */,
			);
			defaultConfigurationIsVisible = 0;
			defaultConfigurationName = Release;
		};
		37E7B0042C2FEF9B002BE970 /* Build configuration list for PBXNativeTarget "IntentsExt" */ = {
			isa = XCConfigurationList;
			buildConfigurations = (
				37E7B0052C2FEF9B002BE970 /* Debug */,
				37E7B0062C2FEF9B002BE970 /* Release */,
			);
			defaultConfigurationIsVisible = 0;
			defaultConfigurationName = Release;
		};
/* End XCConfigurationList section */
	};
	rootObject = 37DF40472C280AD70066B45D /* Project object */;
}
